Microsoft Visual Studio Solution File, Format Version 12.00
# Visual Studio Version 17
VisualStudioVersion = 17.5.2.0
MinimumVisualStudioVersion = 10.0.40219.1
Project("{FAE04EC0-301F-11D3-BF4B-00C04F79EFBC}") = "CvMaker.Api", "CvMaker.Api\CvMaker.Api.csproj", "{34657AA2-BF75-135B-FE37-360E6CE1FC23}"
EndProject
Global
	GlobalSection(SolutionConfigurationPlatforms) = preSolution
		Debug|Any CPU = Debug|Any CPU
		Release|Any CPU = Release|Any CPU
	EndGlobalSection
	GlobalSection(ProjectConfigurationPlatforms) = postSolution
		{34657AA2-BF75-135B-FE37-360E6CE1FC23}.Debug|Any CPU.ActiveCfg = Debug|Any CPU
		{34657AA2-BF75-135B-FE37-360E6CE1FC23}.Debug|Any CPU.Build.0 = Debug|Any CPU
		{34657AA2-BF75-135B-FE37-360E6CE1FC23}.Release|Any CPU.ActiveCfg = Release|Any CPU
		{34657AA2-BF75-135B-FE37-360E6CE1FC23}.Release|Any CPU.Build.0 = Release|Any CPU
	EndGlobalSection
	GlobalSection(SolutionProperties) = preSolution
		HideSolutionNode = FALSE
	EndGlobalSection
	GlobalSection(ExtensibilityGlobals) = postSolution
		SolutionGuid = {C50DACC9-3841-4D8C-80C9-17260D89CE74}
	EndGlobalSection
EndGlobal
